<?xml version="1.0" encoding="utf-8"?>
<Project ToolsVersion="4.0" xmlns="http://schemas.microsoft.com/developer/msbuild/2003">
  <ItemGroup>
    <Filter Include="Test Files">
      <UniqueIdentifier>{170ec439-5729-4cb2-86fe-3af5e415ad26}</UniqueIdentifier>
    </Filter>
  </ItemGroup>
  <ItemGroup>
    <ClCompile Include="..\..\test\test.c">
      <Filter>Test Files</Filter>
    </ClCompile>
    <ClCompile Include="..\..\..\..\platform\osal\test\testcase.c">
      <Filter>Test Files</Filter>
    </ClCompile>
  </ItemGroup>
</Project>